###############################################################
#  Generated by:      Cadence Innovus 17.11-s080_1
#  OS:                Linux x86_64(Host ID cad39)
#  Generated on:      Fri Dec  5 12:36:09 2025
#  Design:            bch
#  Command:           saveIoFile -byOrder -temp bch.ioc
###############################################################

(globals
    version = 3
    io_order = default
)
(iopin
    (top
	(pin name="rstn"	 layer=2 width=0.2000 depth=0.7200 place_status=placed  )
	(pin name="mode"	 layer=2 width=0.2000 depth=0.7200 place_status=placed  )
	(pin name="code[1]"	 layer=2 width=0.2000 depth=0.7200 place_status=placed  )
	(pin name="code[0]"	 layer=2 width=0.2000 depth=0.7200 place_status=placed  )
	(pin name="set"	 layer=2 width=0.2000 depth=0.7200 place_status=placed  )
	(pin name="idata[63]"	 layer=2 width=0.2000 depth=0.7200 place_status=placed  )
	(pin name="idata[62]"	 layer=2 width=0.2000 depth=0.7200 place_status=placed  )
	(pin name="idata[61]"	 layer=2 width=0.2000 depth=0.7200 place_status=placed  )
	(pin name="idata[60]"	 layer=2 width=0.2000 depth=0.7200 place_status=placed  )
	(pin name="idata[59]"	 layer=2 width=0.2000 depth=0.7200 place_status=placed  )
	(pin name="idata[58]"	 layer=2 width=0.2000 depth=0.7200 place_status=placed  )
	(pin name="idata[57]"	 layer=2 width=0.2000 depth=0.7200 place_status=placed  )
	(pin name="idata[56]"	 layer=2 width=0.2000 depth=0.7200 place_status=placed  )
	(pin name="idata[55]"	 layer=2 width=0.2000 depth=0.7200 place_status=placed  )
	(pin name="idata[54]"	 layer=2 width=0.2000 depth=0.7200 place_status=placed  )
	(pin name="idata[53]"	 layer=2 width=0.2000 depth=0.7200 place_status=placed  )
	(pin name="idata[52]"	 layer=2 width=0.2000 depth=0.7200 place_status=placed  )
	(pin name="idata[51]"	 layer=2 width=0.2000 depth=0.7200 place_status=placed  )
	(pin name="idata[50]"	 layer=2 width=0.2000 depth=0.7200 place_status=placed  )
	(pin name="idata[49]"	 layer=2 width=0.2000 depth=0.7200 place_status=placed  )
    )
    (left
	(pin name="idata[48]"	 layer=3 width=0.2000 depth=0.7200 place_status=placed  )
	(pin name="idata[47]"	 layer=3 width=0.2000 depth=0.7200 place_status=placed  )
	(pin name="idata[46]"	 layer=3 width=0.2000 depth=0.7200 place_status=placed  )
	(pin name="idata[45]"	 layer=3 width=0.2000 depth=0.7200 place_status=placed  )
	(pin name="idata[44]"	 layer=3 width=0.2000 depth=0.7200 place_status=placed  )
	(pin name="idata[43]"	 layer=3 width=0.2000 depth=0.7200 place_status=placed  )
	(pin name="idata[42]"	 layer=3 width=0.2000 depth=0.7200 place_status=placed  )
	(pin name="idata[41]"	 layer=3 width=0.2000 depth=0.7200 place_status=placed  )
	(pin name="idata[40]"	 layer=3 width=0.2000 depth=0.7200 place_status=placed  )
	(pin name="idata[39]"	 layer=3 width=0.2000 depth=0.7200 place_status=placed  )
	(pin name="idata[38]"	 layer=3 width=0.2000 depth=0.7200 place_status=placed  )
	(pin name="clk"	 layer=2 width=0.2000 depth=0.7200 place_status=placed  )
	(pin name="idata[37]"	 layer=3 width=0.2000 depth=0.7200 place_status=placed  )
	(pin name="idata[36]"	 layer=3 width=0.2000 depth=0.7200 place_status=placed  )
	(pin name="idata[35]"	 layer=3 width=0.2000 depth=0.7200 place_status=placed  )
	(pin name="idata[34]"	 layer=3 width=0.2000 depth=0.7200 place_status=placed  )
	(pin name="idata[33]"	 layer=3 width=0.2000 depth=0.7200 place_status=placed  )
	(pin name="idata[32]"	 layer=3 width=0.2000 depth=0.7200 place_status=placed  )
	(pin name="idata[31]"	 layer=3 width=0.2000 depth=0.7200 place_status=placed  )
	(pin name="idata[30]"	 layer=3 width=0.2000 depth=0.7200 place_status=placed  )
	(pin name="idata[29]"	 layer=3 width=0.2000 depth=0.7200 place_status=placed  )
	(pin name="idata[28]"	 layer=3 width=0.2000 depth=0.7200 place_status=placed  )
    )
    (bottom
	(pin name="idata[27]"	 layer=2 width=0.2000 depth=0.7200 place_status=placed  )
	(pin name="idata[26]"	 layer=2 width=0.2000 depth=0.7200 place_status=placed  )
	(pin name="idata[25]"	 layer=2 width=0.2000 depth=0.7200 place_status=placed  )
	(pin name="idata[24]"	 layer=2 width=0.2000 depth=0.7200 place_status=placed  )
	(pin name="idata[23]"	 layer=2 width=0.2000 depth=0.7200 place_status=placed  )
	(pin name="idata[22]"	 layer=2 width=0.2000 depth=0.7200 place_status=placed  )
	(pin name="idata[21]"	 layer=2 width=0.2000 depth=0.7200 place_status=placed  )
	(pin name="idata[20]"	 layer=2 width=0.2000 depth=0.7200 place_status=placed  )
	(pin name="idata[19]"	 layer=2 width=0.2000 depth=0.7200 place_status=placed  )
	(pin name="idata[18]"	 layer=2 width=0.2000 depth=0.7200 place_status=placed  )
	(pin name="idata[17]"	 layer=2 width=0.2000 depth=0.7200 place_status=placed  )
	(pin name="idata[16]"	 layer=2 width=0.2000 depth=0.7200 place_status=placed  )
	(pin name="idata[15]"	 layer=2 width=0.2000 depth=0.7200 place_status=placed  )
	(pin name="idata[14]"	 layer=2 width=0.2000 depth=0.7200 place_status=placed  )
	(pin name="idata[13]"	 layer=2 width=0.2000 depth=0.7200 place_status=placed  )
	(pin name="idata[12]"	 layer=2 width=0.2000 depth=0.7200 place_status=placed  )
	(pin name="idata[11]"	 layer=2 width=0.2000 depth=0.7200 place_status=placed  )
	(pin name="idata[10]"	 layer=2 width=0.2000 depth=0.7200 place_status=placed  )
	(pin name="idata[9]"	 layer=2 width=0.2000 depth=0.7200 place_status=placed  )
	(pin name="idata[8]"	 layer=2 width=0.2000 depth=0.7200 place_status=placed  )
	(pin name="idata[7]"	 layer=2 width=0.2000 depth=0.7200 place_status=placed  )
    )
    (right
	(pin name="idata[6]"	 layer=3 width=0.2000 depth=0.7200 place_status=placed  )
	(pin name="idata[5]"	 layer=3 width=0.2000 depth=0.7200 place_status=placed  )
	(pin name="idata[4]"	 layer=3 width=0.2000 depth=0.7200 place_status=placed  )
	(pin name="idata[3]"	 layer=3 width=0.2000 depth=0.7200 place_status=placed  )
	(pin name="idata[2]"	 layer=3 width=0.2000 depth=0.7200 place_status=placed  )
	(pin name="idata[1]"	 layer=3 width=0.2000 depth=0.7200 place_status=placed  )
	(pin name="idata[0]"	 layer=3 width=0.2000 depth=0.7200 place_status=placed  )
	(pin name="ready"	 layer=3 width=0.2000 depth=0.7200 place_status=placed  )
	(pin name="finish"	 layer=3 width=0.2000 depth=0.7200 place_status=placed  )
	(pin name="odata[9]"	 layer=3 width=0.2000 depth=0.7200 place_status=placed  )
	(pin name="odata[8]"	 layer=3 width=0.2000 depth=0.7200 place_status=placed  )
	(pin name="odata[7]"	 layer=3 width=0.2000 depth=0.7200 place_status=placed  )
	(pin name="odata[6]"	 layer=3 width=0.2000 depth=0.7200 place_status=placed  )
	(pin name="odata[5]"	 layer=3 width=0.2000 depth=0.7200 place_status=placed  )
	(pin name="odata[4]"	 layer=3 width=0.2000 depth=0.7200 place_status=placed  )
	(pin name="odata[3]"	 layer=3 width=0.2000 depth=0.7200 place_status=placed  )
	(pin name="odata[2]"	 layer=3 width=0.2000 depth=0.7200 place_status=placed  )
	(pin name="odata[1]"	 layer=3 width=0.2000 depth=0.7200 place_status=placed  )
	(pin name="odata[0]"	 layer=3 width=0.2000 depth=0.7200 place_status=placed  )
    )
)
